
Microsoft Visual Studio Solution File, Format Version 12.00
# Visual Studio Version 17
VisualStudioVersion = 17.2.32616.157
MinimumVisualStudioVersion = 10.0.40219.1
Project("{FAE04EC0-301F-11D3-BF4B-00C04F79EFBC}") = "MyScheduler", "MyScheduler.csproj", "{813C134E-45DA-4DF8-B1B3-10F5D029CE19}"
EndProject
Global
	GlobalSection(SolutionConfigurationPlatforms) = preSolution
		Debug|Any CPU = Debug|Any CPU
		Release|Any CPU = Release|Any CPU
	EndGlobalSection
	GlobalSection(ProjectConfigurationPlatforms) = postSolution
		{813C134E-45DA-4DF8-B1B3-10F5D029CE19}.Debug|Any CPU.ActiveCfg = Debug|Any CPU
		{813C134E-45DA-4DF8-B1B3-10F5D029CE19}.Debug|Any CPU.Build.0 = Debug|Any CPU
		{813C134E-45DA-4DF8-B1B3-10F5D029CE19}.Release|Any CPU.ActiveCfg = Release|Any CPU
		{813C134E-45DA-4DF8-B1B3-10F5D029CE19}.Release|Any CPU.Build.0 = Release|Any CPU
	EndGlobalSection
	GlobalSection(SolutionProperties) = preSolution
		HideSolutionNode = FALSE
	EndGlobalSection
	GlobalSection(ExtensibilityGlobals) = postSolution
		SolutionGuid = {567126E5-84DD-4FCD-8B11-EB8A41FBE711}
	EndGlobalSection
EndGlobal
